
Microsoft Visual Studio Solution File, Format Version 12.00
# Visual Studio 15
VisualStudioVersion = 15.0.26430.6
MinimumVisualStudioVersion = 10.0.40219.1
Project("{2150E333-8FDC-42A3-9474-1A3956D46DE8}") = "src", "src", "{644ABE1C-C440-4379-BC71-FA30A756A55F}"
EndProject
Project("{2150E333-8FDC-42A3-9474-1A3956D46DE8}") = "Solution Items", "Solution Items", "{B357834E-833B-42F6-85E7-45D59F8D813E}"
EndProject
Project("{9A19103F-16F7-4668-BE54-9A1E7A4F7556}") = "P1611706", "src\P1611706\P1611706.csproj", "{9D33A946-C372-4EAA-BCB2-3D747DF1F272}"
EndProject
Global
	GlobalSection(SolutionConfigurationPlatforms) = preSolution
		Debug|Any CPU = Debug|Any CPU
		Release|Any CPU = Release|Any CPU
	EndGlobalSection
	GlobalSection(ProjectConfigurationPlatforms) = postSolution
		{9D33A946-C372-4EAA-BCB2-3D747DF1F272}.Debug|Any CPU.ActiveCfg = Debug|Any CPU
		{9D33A946-C372-4EAA-BCB2-3D747DF1F272}.Debug|Any CPU.Build.0 = Debug|Any CPU
		{9D33A946-C372-4EAA-BCB2-3D747DF1F272}.Release|Any CPU.ActiveCfg = Release|Any CPU
		{9D33A946-C372-4EAA-BCB2-3D747DF1F272}.Release|Any CPU.Build.0 = Release|Any CPU
	EndGlobalSection
	GlobalSection(SolutionProperties) = preSolution
		HideSolutionNode = FALSE
	EndGlobalSection
	GlobalSection(NestedProjects) = preSolution
		{9D33A946-C372-4EAA-BCB2-3D747DF1F272} = {644ABE1C-C440-4379-BC71-FA30A756A55F}
	EndGlobalSection
EndGlobal
